
Microsoft Visual Studio Solution File, Format Version 12.00
# Visual Studio Version 16
VisualStudioVersion = 16.0.30021.99
MinimumVisualStudioVersion = 10.0.40219.1
Project("{FAE04EC0-301F-11D3-BF4B-00C04F79EFBC}") = "BinarySearch", "BinarySearch\BinarySearch.csproj", "{127B91DF-ABCB-40EF-9C65-65CF04808078}"
EndProject
Global
	GlobalSection(SolutionConfigurationPlatforms) = preSolution
		Debug|Any CPU = Debug|Any CPU
		Release|Any CPU = Release|Any CPU
	EndGlobalSection
	GlobalSection(ProjectConfigurationPlatforms) = postSolution
		{127B91DF-ABCB-40EF-9C65-65CF04808078}.Debug|Any CPU.ActiveCfg = Debug|Any CPU
		{127B91DF-ABCB-40EF-9C65-65CF04808078}.Debug|Any CPU.Build.0 = Debug|Any CPU
		{127B91DF-ABCB-40EF-9C65-65CF04808078}.Release|Any CPU.ActiveCfg = Release|Any CPU
		{127B91DF-ABCB-40EF-9C65-65CF04808078}.Release|Any CPU.Build.0 = Release|Any CPU
	EndGlobalSection
	GlobalSection(SolutionProperties) = preSolution
		HideSolutionNode = FALSE
	EndGlobalSection
	GlobalSection(ExtensibilityGlobals) = postSolution
		SolutionGuid = {B1CF5B4C-A45F-426D-A125-930FCE2E35A6}
	EndGlobalSection
EndGlobal
